{
  "requires": true,
  "lockfileVersion": 1,
  "dependencies": {
    "yarn": {
      "version": "1.22.10",
      "resolved": "https://registry.npm.taobao.org/yarn/download/yarn-1.22.10.tgz?cache=0&sync_timestamp=1601300116023&other_urls=https%3A%2F%2Fregistry.npm.taobao.org%2Fyarn%2Fdownload%2Fyarn-1.22.10.tgz",
      "integrity": "sha1-yZ2qBiV8gPj6LD8UkHJOOUwmsYw="
    }
  }
}
